
Microsoft Visual Studio Solution File, Format Version 12.00
# Visual Studio Version 17
VisualStudioVersion = 17.5.33502.453
MinimumVisualStudioVersion = 10.0.40219.1
Project("{FAE04EC0-301F-11D3-BF4B-00C04F79EFBC}") = "ProjetoLocadoraFilmes", "ProjetoLocadoraFilmes\ProjetoLocadoraFilmes.csproj", "{BE9A3CA7-C7FE-445A-ACE6-DCD8B9A79859}"
EndProject
Global
	GlobalSection(SolutionConfigurationPlatforms) = preSolution
		Debug|Any CPU = Debug|Any CPU
		Release|Any CPU = Release|Any CPU
	EndGlobalSection
	GlobalSection(ProjectConfigurationPlatforms) = postSolution
		{BE9A3CA7-C7FE-445A-ACE6-DCD8B9A79859}.Debug|Any CPU.ActiveCfg = Debug|Any CPU
		{BE9A3CA7-C7FE-445A-ACE6-DCD8B9A79859}.Debug|Any CPU.Build.0 = Debug|Any CPU
		{BE9A3CA7-C7FE-445A-ACE6-DCD8B9A79859}.Release|Any CPU.ActiveCfg = Release|Any CPU
		{BE9A3CA7-C7FE-445A-ACE6-DCD8B9A79859}.Release|Any CPU.Build.0 = Release|Any CPU
	EndGlobalSection
	GlobalSection(SolutionProperties) = preSolution
		HideSolutionNode = FALSE
	EndGlobalSection
	GlobalSection(ExtensibilityGlobals) = postSolution
		SolutionGuid = {2C5F4134-CA37-4F8F-8556-F1C34C1D9964}
	EndGlobalSection
EndGlobal
